
Microsoft Visual Studio Solution File, Format Version 12.00
# Visual Studio Version 17
VisualStudioVersion = 17.7.34031.279
MinimumVisualStudioVersion = 10.0.40219.1
Project("{FAE04EC0-301F-11D3-BF4B-00C04F79EFBC}") = "WindowsFormsApp1", "WindowsFormsApp1\WindowsFormsApp1.csproj", "{E028FC6A-C06D-4CCD-8614-0E71456C2824}"
EndProject
Global
	GlobalSection(SolutionConfigurationPlatforms) = preSolution
		Debug|Any CPU = Debug|Any CPU
		Release|Any CPU = Release|Any CPU
	EndGlobalSection
	GlobalSection(ProjectConfigurationPlatforms) = postSolution
		{E028FC6A-C06D-4CCD-8614-0E71456C2824}.Debug|Any CPU.ActiveCfg = Debug|Any CPU
		{E028FC6A-C06D-4CCD-8614-0E71456C2824}.Debug|Any CPU.Build.0 = Debug|Any CPU
		{E028FC6A-C06D-4CCD-8614-0E71456C2824}.Release|Any CPU.ActiveCfg = Release|Any CPU
		{E028FC6A-C06D-4CCD-8614-0E71456C2824}.Release|Any CPU.Build.0 = Release|Any CPU
	EndGlobalSection
	GlobalSection(SolutionProperties) = preSolution
		HideSolutionNode = FALSE
	EndGlobalSection
	GlobalSection(ExtensibilityGlobals) = postSolution
		SolutionGuid = {A581CED8-A9DB-4557-BCEF-247C81106965}
	EndGlobalSection
EndGlobal
